
Microsoft Visual Studio Solution File, Format Version 12.00
# Visual Studio Version 17
VisualStudioVersion = 17.14.36623.8 d17.14
MinimumVisualStudioVersion = 10.0.40219.1
Project("{FAE04EC0-301F-11D3-BF4B-00C04F79EFBC}") = "COM3D2_DLC_Batcher", "COM3D2_DLC_Batcher.csproj", "{1BC63594-227B-4A2C-8CCF-99A65975D3EA}"
EndProject
Global
	GlobalSection(SolutionConfigurationPlatforms) = preSolution
		Debug|Any CPU = Debug|Any CPU
		Release|Any CPU = Release|Any CPU
	EndGlobalSection
	GlobalSection(ProjectConfigurationPlatforms) = postSolution
		{1BC63594-227B-4A2C-8CCF-99A65975D3EA}.Debug|Any CPU.ActiveCfg = Debug|Any CPU
		{1BC63594-227B-4A2C-8CCF-99A65975D3EA}.Debug|Any CPU.Build.0 = Debug|Any CPU
		{1BC63594-227B-4A2C-8CCF-99A65975D3EA}.Release|Any CPU.ActiveCfg = Release|Any CPU
		{1BC63594-227B-4A2C-8CCF-99A65975D3EA}.Release|Any CPU.Build.0 = Release|Any CPU
	EndGlobalSection
	GlobalSection(SolutionProperties) = preSolution
		HideSolutionNode = FALSE
	EndGlobalSection
	GlobalSection(ExtensibilityGlobals) = postSolution
		SolutionGuid = {3FEE1138-0C94-4A0E-9E6D-D094100DB56C}
	EndGlobalSection
EndGlobal
